
Microsoft Visual Studio Solution File, Format Version 12.00
# Visual Studio Version 17
VisualStudioVersion = 17.7.34031.279
MinimumVisualStudioVersion = 10.0.40219.1
Project("{FAE04EC0-301F-11D3-BF4B-00C04F79EFBC}") = "TP2", "TP2\TP2.csproj", "{181C5F9F-0A37-4185-91C1-0887B3A26B22}"
EndProject
Global
	GlobalSection(SolutionConfigurationPlatforms) = preSolution
		Debug|Any CPU = Debug|Any CPU
		Release|Any CPU = Release|Any CPU
	EndGlobalSection
	GlobalSection(ProjectConfigurationPlatforms) = postSolution
		{181C5F9F-0A37-4185-91C1-0887B3A26B22}.Debug|Any CPU.ActiveCfg = Debug|Any CPU
		{181C5F9F-0A37-4185-91C1-0887B3A26B22}.Debug|Any CPU.Build.0 = Debug|Any CPU
		{181C5F9F-0A37-4185-91C1-0887B3A26B22}.Release|Any CPU.ActiveCfg = Release|Any CPU
		{181C5F9F-0A37-4185-91C1-0887B3A26B22}.Release|Any CPU.Build.0 = Release|Any CPU
	EndGlobalSection
	GlobalSection(SolutionProperties) = preSolution
		HideSolutionNode = FALSE
	EndGlobalSection
	GlobalSection(ExtensibilityGlobals) = postSolution
		SolutionGuid = {A8BB4FDC-1E9B-46F8-A3CD-7B3425122270}
	EndGlobalSection
EndGlobal
